{
  "lockfile_version": "1",
  "packages": {
    "bash@latest": {
      "last_modified": "2025-12-11T04:04:52Z",
      "resolved": "github:NixOS/nixpkgs/5d6bdbddb4695a62f0d00a3620b37a15275a5093#bash",
      "source": "devbox-search",
      "version": "5.3p3",
      "systems": {
        "aarch64-darwin": {
          "outputs": [
            {
              "name": "out",
              "path": "/nix/store/19zw2r9dl44wk3j5ncwsk743zr9fc584-bash-interactive-5.3p3",
              "default": true
            },
            {
              "name": "man",
              "path": "/nix/store/bpfvd3cm30f37idj5zjr46jnich3swx1-bash-interactive-5.3p3-man",
              "default": true
            },
            {
              "name": "dev",
              "path": "/nix/store/prcikkrybb0j153hs3zxxr68bnl93xnk-bash-interactive-5.3p3-dev"
            },
            {
              "name": "doc",
              "path": "/nix/store/z39gmnx77kz7lm9aqnsmx24cqizfnyny-bash-interactive-5.3p3-doc"
            },
            {
              "name": "info",
              "path": "/nix/store/lp1n00k3h8h24hx2dbqal6vsf0wr72s8-bash-interactive-5.3p3-info"
            }
          ],
          "store_path": "/nix/store/19zw2r9dl44wk3j5ncwsk743zr9fc584-bash-interactive-5.3p3"
        },
        "aarch64-linux": {
          "outputs": [
            {
              "name": "out",
              "path": "/nix/store/9ifraby9hyh9mycwm3krfhi7q88hh6d5-bash-interactive-5.3p3",
              "default": true
            },
            {
              "name": "man",
              "path": "/nix/store/9c2172ykndqpvy0i9asb4dx0x5mnaxds-bash-interactive-5.3p3-man",
              "default": true
            },
            {
              "name": "debug",
              "path": "/nix/store/4lwnnf0mrdw59shgpbqyv4sf21jzbpq8-bash-interactive-5.3p3-debug"
            },
            {
              "name": "dev",
              "path": "/nix/store/hy7n5zyiz4lqssmgspjadh4mvsy4245m-bash-interactive-5.3p3-dev"
            },
            {
              "name": "doc",
              "path": "/nix/store/2hsxrmw64nafb585c9fdlrz0b9l8kkxb-bash-interactive-5.3p3-doc"
            },
            {
              "name": "info",
              "path": "/nix/store/4wrxfq1k1j7j8hbrbxqdilqsjxqq2gcj-bash-interactive-5.3p3-info"
            }
          ],
          "store_path": "/nix/store/9ifraby9hyh9mycwm3krfhi7q88hh6d5-bash-interactive-5.3p3"
        },
        "x86_64-darwin": {
          "outputs": [
            {
              "name": "out",
              "path": "/nix/store/zvg29ysm8gkipkv03mbyq5hzjkswlnpg-bash-interactive-5.3p3",
              "default": true
            },
            {
              "name": "man",
              "path": "/nix/store/8df8vv43drby749m08a083mmnk433dvg-bash-interactive-5.3p3-man",
              "default": true
            },
            {
              "name": "dev",
              "path": "/nix/store/ybxz71hisg73c706xfmbhi9pg0w66yig-bash-interactive-5.3p3-dev"
            },
            {
              "name": "doc",
              "path": "/nix/store/7caqc1q9glxh9d14jlzqvl86mavba9qm-bash-interactive-5.3p3-doc"
            },
            {
              "name": "info",
              "path": "/nix/store/8lxlghjr4hsgjvdc77yzzd7xkcpkv9gr-bash-interactive-5.3p3-info"
            }
          ],
          "store_path": "/nix/store/zvg29ysm8gkipkv03mbyq5hzjkswlnpg-bash-interactive-5.3p3"
        },
        "x86_64-linux": {
          "outputs": [
            {
              "name": "out",
              "path": "/nix/store/35yc81pz0q5yba14lxhn5r3jx5yg6c3l-bash-interactive-5.3p3",
              "default": true
            },
            {
              "name": "man",
              "path": "/nix/store/g3yba1g35vfm6b886mjh8b64viricyz3-bash-interactive-5.3p3-man",
              "default": true
            },
            {
              "name": "debug",
              "path": "/nix/store/4yba5n10qbpxdgm8x7fiwz79vssdqpgb-bash-interactive-5.3p3-debug"
            },
            {
              "name": "dev",
              "path": "/nix/store/35z2x1c0465xpsd1flpj8w7q0w2k5d7a-bash-interactive-5.3p3-dev"
            },
            {
              "name": "doc",
              "path": "/nix/store/1n8zi78n7zlqwky7jj050d1mw5cvmflr-bash-interactive-5.3p3-doc"
            },
            {
              "name": "info",
              "path": "/nix/store/ar92cvrswl1vyi0s5m3vc16kjyjmawr6-bash-interactive-5.3p3-info"
            }
          ],
          "store_path": "/nix/store/35yc81pz0q5yba14lxhn5r3jx5yg6c3l-bash-interactive-5.3p3"
        }
      }
    },
    "bat@latest": {
      "last_modified": "2025-12-03T03:51:48Z",
      "resolved": "github:NixOS/nixpkgs/cadcc8de247676e4751c9d4a935acb2c0b059113#bat",
      "source": "devbox-search",
      "version": "0.26.1",
      "systems": {
        "aarch64-darwin": {
          "outputs": [
            {
              "name": "out",
              "path": "/nix/store/wwxcmvd195g5bfzbz5k25z1cx5hm8w65-bat-0.26.1",
              "default": true
            }
          ],
          "store_path": "/nix/store/wwxcmvd195g5bfzbz5k25z1cx5hm8w65-bat-0.26.1"
        },
        "aarch64-linux": {
          "outputs": [
            {
              "name": "out",
              "path": "/nix/store/7n9nclr7b0nr2z83dqssryf0as8931w3-bat-0.26.1",
              "default": true
            }
          ],
          "store_path": "/nix/store/7n9nclr7b0nr2z83dqssryf0as8931w3-bat-0.26.1"
        },
        "x86_64-darwin": {
          "outputs": [
            {
              "name": "out",
              "path": "/nix/store/199xfy9ra365pxifc00xq62f1rgfnd60-bat-0.26.1",
              "default": true
            }
          ],
          "store_path": "/nix/store/199xfy9ra365pxifc00xq62f1rgfnd60-bat-0.26.1"
        },
        "x86_64-linux": {
          "outputs": [
            {
              "name": "out",
              "path": "/nix/store/01wp2vgd70ssmk4fmkc2lh98jkyxnxvv-bat-0.26.1",
              "default": true
            }
          ],
          "store_path": "/nix/store/01wp2vgd70ssmk4fmkc2lh98jkyxnxvv-bat-0.26.1"
        }
      }
    },
    "claude-code@latest": {
      "last_modified": "2025-12-13T16:46:16Z",
      "resolved": "github:NixOS/nixpkgs/23735a82a828372c4ef92c660864e82fbe2f5fbe#claude-code",
      "source": "devbox-search",
      "version": "2.0.67",
      "systems": {
        "aarch64-darwin": {
          "outputs": [
            {
              "name": "out",
              "path": "/nix/store/164pf40wjsppw0wb722zvs49gc23kki8-claude-code-2.0.67",
              "default": true
            }
          ],
          "store_path": "/nix/store/164pf40wjsppw0wb722zvs49gc23kki8-claude-code-2.0.67"
        },
        "aarch64-linux": {
          "outputs": [
            {
              "name": "out",
              "path": "/nix/store/ddybhm4nlk03fhip626i2y0k8gyjad7p-claude-code-2.0.67",
              "default": true
            }
          ],
          "store_path": "/nix/store/ddybhm4nlk03fhip626i2y0k8gyjad7p-claude-code-2.0.67"
        },
        "x86_64-darwin": {
          "outputs": [
            {
              "name": "out",
              "path": "/nix/store/x6yvnjd7pakqq2v0cvddainm2w5y3y0m-claude-code-2.0.67",
              "default": true
            }
          ],
          "store_path": "/nix/store/x6yvnjd7pakqq2v0cvddainm2w5y3y0m-claude-code-2.0.67"
        },
        "x86_64-linux": {
          "outputs": [
            {
              "name": "out",
              "path": "/nix/store/fwimd076xsigijwsb8nykkzh0mglnji7-claude-code-2.0.67",
              "default": true
            }
          ],
          "store_path": "/nix/store/fwimd076xsigijwsb8nykkzh0mglnji7-claude-code-2.0.67"
        }
      }
    },
    "delta@latest": {
      "last_modified": "2025-11-25T14:41:04Z",
      "resolved": "github:NixOS/nixpkgs/dc205f7b4fdb04c8b7877b43edb7b73be7730081#delta",
      "source": "devbox-search",
      "version": "0.18.2",
      "systems": {
        "aarch64-darwin": {
          "outputs": [
            {
              "name": "out",
              "path": "/nix/store/19fm5asrcyr50yqv7c989s8ybnf91j34-delta-0.18.2",
              "default": true
            }
          ],
          "store_path": "/nix/store/19fm5asrcyr50yqv7c989s8ybnf91j34-delta-0.18.2"
        },
        "aarch64-linux": {
          "outputs": [
            {
              "name": "out",
              "path": "/nix/store/jmzycv096b7xf8z4b5fk9k9wk40hgc11-delta-0.18.2",
              "default": true
            }
          ],
          "store_path": "/nix/store/jmzycv096b7xf8z4b5fk9k9wk40hgc11-delta-0.18.2"
        },
        "x86_64-darwin": {
          "outputs": [
            {
              "name": "out",
              "path": "/nix/store/dsir2h8lkj48ksnhhyx2f1xvgyl336ap-delta-0.18.2",
              "default": true
            }
          ],
          "store_path": "/nix/store/dsir2h8lkj48ksnhhyx2f1xvgyl336ap-delta-0.18.2"
        },
        "x86_64-linux": {
          "outputs": [
            {
              "name": "out",
              "path": "/nix/store/hfsr8bqqa9gaqwcsq5sjdfiqix7m8kqh-delta-0.18.2",
              "default": true
            }
          ],
          "store_path": "/nix/store/hfsr8bqqa9gaqwcsq5sjdfiqix7m8kqh-delta-0.18.2"
        }
      }
    },
    "eza@latest": {
      "last_modified": "2025-11-23T21:50:36Z",
      "resolved": "github:NixOS/nixpkgs/ee09932cedcef15aaf476f9343d1dea2cb77e261#eza",
      "source": "devbox-search",
      "version": "0.23.4",
      "systems": {
        "aarch64-darwin": {
          "outputs": [
            {
              "name": "out",
              "path": "/nix/store/rqy1v1px7narahsl37yq7qchfnk7b0fg-eza-0.23.4",
              "default": true
            },
            {
              "name": "man",
              "path": "/nix/store/p2l0dkhwiycpq2gs1hcqzbk3djcm8jk6-eza-0.23.4-man",
              "default": true
            }
          ],
          "store_path": "/nix/store/rqy1v1px7narahsl37yq7qchfnk7b0fg-eza-0.23.4"
        },
        "aarch64-linux": {
          "outputs": [
            {
              "name": "out",
              "path": "/nix/store/5ngi6pqhcg505n54365wfx96qk7chq7l-eza-0.23.4",
              "default": true
            },
            {
              "name": "man",
              "path": "/nix/store/kr6y7s2nxq0xzqa17d0sbsds3prlyrai-eza-0.23.4-man",
              "default": true
            }
          ],
          "store_path": "/nix/store/5ngi6pqhcg505n54365wfx96qk7chq7l-eza-0.23.4"
        },
        "x86_64-darwin": {
          "outputs": [
            {
              "name": "out",
              "path": "/nix/store/idqsr5rm00kzzk3fy307g68y8lqfacmx-eza-0.23.4",
              "default": true
            },
            {
              "name": "man",
              "path": "/nix/store/zlws95hx7v49cfkr2zm0ca4yp2q7ni0d-eza-0.23.4-man",
              "default": true
            }
          ],
          "store_path": "/nix/store/idqsr5rm00kzzk3fy307g68y8lqfacmx-eza-0.23.4"
        },
        "x86_64-linux": {
          "outputs": [
            {
              "name": "out",
              "path": "/nix/store/z1h5sg9kdhkfxycz590gjxsymv9xvn0x-eza-0.23.4",
              "default": true
            },
            {
              "name": "man",
              "path": "/nix/store/q8vga5159q8iyhkpkkfkkj29f0w0s7fj-eza-0.23.4-man",
              "default": true
            }
          ],
          "store_path": "/nix/store/z1h5sg9kdhkfxycz590gjxsymv9xvn0x-eza-0.23.4"
        }
      }
    },
    "fd@latest": {
      "last_modified": "2025-11-23T21:50:36Z",
      "resolved": "github:NixOS/nixpkgs/ee09932cedcef15aaf476f9343d1dea2cb77e261#fd",
      "source": "devbox-search",
      "version": "10.3.0",
      "systems": {
        "aarch64-darwin": {
          "outputs": [
            {
              "name": "out",
              "path": "/nix/store/afkk245ihvlsr1wnxk4l8n6wha4f9r4m-fd-10.3.0",
              "default": true
            }
          ],
          "store_path": "/nix/store/afkk245ihvlsr1wnxk4l8n6wha4f9r4m-fd-10.3.0"
        },
        "aarch64-linux": {
          "outputs": [
            {
              "name": "out",
              "path": "/nix/store/n15v3a8dfmccl23r1q5dzwdkah9bvcc4-fd-10.3.0",
              "default": true
            }
          ],
          "store_path": "/nix/store/n15v3a8dfmccl23r1q5dzwdkah9bvcc4-fd-10.3.0"
        },
        "x86_64-darwin": {
          "outputs": [
            {
              "name": "out",
              "path": "/nix/store/kckmjxlfmzx5iwkxbzs57c7hbyb1krsx-fd-10.3.0",
              "default": true
            }
          ],
          "store_path": "/nix/store/kckmjxlfmzx5iwkxbzs57c7hbyb1krsx-fd-10.3.0"
        },
        "x86_64-linux": {
          "outputs": [
            {
              "name": "out",
              "path": "/nix/store/027m34av4nx0246ia2qdbfygzy9dbikw-fd-10.3.0",
              "default": true
            }
          ],
          "store_path": "/nix/store/027m34av4nx0246ia2qdbfygzy9dbikw-fd-10.3.0"
        }
      }
    },
    "fzf@latest": {
      "last_modified": "2025-11-23T21:50:36Z",
      "resolved": "github:NixOS/nixpkgs/ee09932cedcef15aaf476f9343d1dea2cb77e261#fzf",
      "source": "devbox-search",
      "version": "0.67.0",
      "systems": {
        "aarch64-darwin": {
          "outputs": [
            {
              "name": "out",
              "path": "/nix/store/xrg598pzlspl3ayvidaivf5h6c2cpqw2-fzf-0.67.0",
              "default": true
            },
            {
              "name": "man",
              "path": "/nix/store/42n9ja9x3ncd49dfz85wa671gh4mbg1v-fzf-0.67.0-man",
              "default": true
            }
          ],
          "store_path": "/nix/store/xrg598pzlspl3ayvidaivf5h6c2cpqw2-fzf-0.67.0"
        },
        "aarch64-linux": {
          "outputs": [
            {
              "name": "out",
              "path": "/nix/store/rr74d79lmba7j6gms3a8lmn6gy3fps2w-fzf-0.67.0",
              "default": true
            },
            {
              "name": "man",
              "path": "/nix/store/c9zx1l9j3lq9n7q91g3j9wvfi8rffmcg-fzf-0.67.0-man",
              "default": true
            }
          ],
          "store_path": "/nix/store/rr74d79lmba7j6gms3a8lmn6gy3fps2w-fzf-0.67.0"
        },
        "x86_64-darwin": {
          "outputs": [
            {
              "name": "out",
              "path": "/nix/store/zj7xhs92xwxnzjdsa6xi0dkic36hwlbm-fzf-0.67.0",
              "default": true
            },
            {
              "name": "man",
              "path": "/nix/store/imszapzmajd2sxgih3mrgsmyjvq3axg4-fzf-0.67.0-man",
              "default": true
            }
          ],
          "store_path": "/nix/store/zj7xhs92xwxnzjdsa6xi0dkic36hwlbm-fzf-0.67.0"
        },
        "x86_64-linux": {
          "outputs": [
            {
              "name": "out",
              "path": "/nix/store/lc3zmvfh5cyzdgijm8f5sjgd0q3hl9pk-fzf-0.67.0",
              "default": true
            },
            {
              "name": "man",
              "path": "/nix/store/vgwv0ihsax0bkkms9h5x3vk2595kz08x-fzf-0.67.0-man",
              "default": true
            }
          ],
          "store_path": "/nix/store/lc3zmvfh5cyzdgijm8f5sjgd0q3hl9pk-fzf-0.67.0"
        }
      }
    },
    "gh@latest": {
      "last_modified": "2025-12-11T04:04:52Z",
      "resolved": "github:NixOS/nixpkgs/5d6bdbddb4695a62f0d00a3620b37a15275a5093#gh",
      "source": "devbox-search",
      "version": "2.83.2",
      "systems": {
        "aarch64-darwin": {
          "outputs": [
            {
              "name": "out",
              "path": "/nix/store/v09g9zh0bwfjrfcq81k167jk8fnaql4x-gh-2.83.2",
              "default": true
            }
          ],
          "store_path": "/nix/store/v09g9zh0bwfjrfcq81k167jk8fnaql4x-gh-2.83.2"
        },
        "aarch64-linux": {
          "outputs": [
            {
              "name": "out",
              "path": "/nix/store/8a3gc9smfgmimvvsgjncij1p3hrkbycq-gh-2.83.2",
              "default": true
            }
          ],
          "store_path": "/nix/store/8a3gc9smfgmimvvsgjncij1p3hrkbycq-gh-2.83.2"
        },
        "x86_64-darwin": {
          "outputs": [
            {
              "name": "out",
              "path": "/nix/store/cc4glclba1gffbxddd8vyyh8k69c145w-gh-2.83.2",
              "default": true
            }
          ],
          "store_path": "/nix/store/cc4glclba1gffbxddd8vyyh8k69c145w-gh-2.83.2"
        },
        "x86_64-linux": {
          "outputs": [
            {
              "name": "out",
              "path": "/nix/store/1ga8sgks3i0iwdl33aazgql8gfsxnqjc-gh-2.83.2",
              "default": true
            }
          ],
          "store_path": "/nix/store/1ga8sgks3i0iwdl33aazgql8gfsxnqjc-gh-2.83.2"
        }
      }
    },
    "ghq@latest": {
      "last_modified": "2025-11-23T21:50:36Z",
      "resolved": "github:NixOS/nixpkgs/ee09932cedcef15aaf476f9343d1dea2cb77e261#ghq",
      "source": "devbox-search",
      "version": "1.8.0",
      "systems": {
        "aarch64-darwin": {
          "outputs": [
            {
              "name": "out",
              "path": "/nix/store/rps4s8ndk98wfsv93xgvcvlxrhklc8sv-ghq-1.8.0",
              "default": true
            }
          ],
          "store_path": "/nix/store/rps4s8ndk98wfsv93xgvcvlxrhklc8sv-ghq-1.8.0"
        },
        "aarch64-linux": {
          "outputs": [
            {
              "name": "out",
              "path": "/nix/store/0ki4hbvsw36ljrm8cim6l7ljwppprxk0-ghq-1.8.0",
              "default": true
            }
          ],
          "store_path": "/nix/store/0ki4hbvsw36ljrm8cim6l7ljwppprxk0-ghq-1.8.0"
        },
        "x86_64-darwin": {
          "outputs": [
            {
              "name": "out",
              "path": "/nix/store/4k2q2nr4l85b3gv7s74764g2fdppgbp8-ghq-1.8.0",
              "default": true
            }
          ],
          "store_path": "/nix/store/4k2q2nr4l85b3gv7s74764g2fdppgbp8-ghq-1.8.0"
        },
        "x86_64-linux": {
          "outputs": [
            {
              "name": "out",
              "path": "/nix/store/h4rypc8vvahkf4f4c726nkjzkapbv0zq-ghq-1.8.0",
              "default": true
            }
          ],
          "store_path": "/nix/store/h4rypc8vvahkf4f4c726nkjzkapbv0zq-ghq-1.8.0"
        }
      }
    },
    "git@latest": {
      "last_modified": "2025-11-23T21:50:36Z",
      "resolved": "github:NixOS/nixpkgs/ee09932cedcef15aaf476f9343d1dea2cb77e261#git",
      "source": "devbox-search",
      "version": "2.51.2",
      "systems": {
        "aarch64-darwin": {
          "outputs": [
            {
              "name": "out",
              "path": "/nix/store/x34bh6s6ighg7lb74nkjbx3nx52zj0j9-git-2.51.2",
              "default": true
            },
            {
              "name": "doc",
              "path": "/nix/store/6wnscv0364r6430qmx33nn927dlw2vnf-git-2.51.2-doc"
            }
          ],
          "store_path": "/nix/store/x34bh6s6ighg7lb74nkjbx3nx52zj0j9-git-2.51.2"
        },
        "aarch64-linux": {
          "outputs": [
            {
              "name": "out",
              "path": "/nix/store/gzdcfmx2p9nvd4z21b6ns00cp4sv1d2h-git-2.51.2",
              "default": true
            },
            {
              "name": "debug",
              "path": "/nix/store/5l5ln59lpi4qv2qm59aqchlz32j9zcm9-git-2.51.2-debug"
            },
            {
              "name": "doc",
              "path": "/nix/store/w28mqxb1bd51f5rwh5127pvbp31lnqmv-git-2.51.2-doc"
            }
          ],
          "store_path": "/nix/store/gzdcfmx2p9nvd4z21b6ns00cp4sv1d2h-git-2.51.2"
        },
        "x86_64-darwin": {
          "outputs": [
            {
              "name": "out",
              "path": "/nix/store/zz5xiyzpnn06cdgw1xnlvs1sbly5247r-git-2.51.2",
              "default": true
            },
            {
              "name": "doc",
              "path": "/nix/store/vrisnm56c5v8mzbv55yrq28wgkvga8nm-git-2.51.2-doc"
            }
          ],
          "store_path": "/nix/store/zz5xiyzpnn06cdgw1xnlvs1sbly5247r-git-2.51.2"
        },
        "x86_64-linux": {
          "outputs": [
            {
              "name": "out",
              "path": "/nix/store/4qhdhmi7pzgad0zfd7c5lsg235mbf9hv-git-2.51.2",
              "default": true
            },
            {
              "name": "debug",
              "path": "/nix/store/pjr2vd588sxa47glfg0ky0df3vk79dcs-git-2.51.2-debug"
            },
            {
              "name": "doc",
              "path": "/nix/store/9k6ivrdddy9s3z1hiwgavl0kfr2czgav-git-2.51.2-doc"
            }
          ],
          "store_path": "/nix/store/4qhdhmi7pzgad0zfd7c5lsg235mbf9hv-git-2.51.2"
        }
      }
    },
    "github:NixOS/nixpkgs/nixpkgs-unstable": {
      "last_modified": "2025-12-16T16:49:59Z",
      "resolved": "github:NixOS/nixpkgs/e8d16d2186d6ed9f047eb30948e97e7e01886d10?lastModified=1765903799"
    },
    "jq@latest": {
      "last_modified": "2025-12-13T16:46:16Z",
      "resolved": "github:NixOS/nixpkgs/23735a82a828372c4ef92c660864e82fbe2f5fbe#jq",
      "source": "devbox-search",
      "version": "1.8.1",
      "systems": {
        "aarch64-darwin": {
          "outputs": [
            {
              "name": "bin",
              "path": "/nix/store/4hy1mm43nvmjpnyfsa80csbsg4wd8691-jq-1.8.1-bin",
              "default": true
            },
            {
              "name": "man",
              "path": "/nix/store/054063ybv64v877qmqd55pl68hri679w-jq-1.8.1-man",
              "default": true
            },
            {
              "name": "doc",
              "path": "/nix/store/baidiqpr2sqdv59asy5a3gajpfn8sqig-jq-1.8.1-doc"
            },
            {
              "name": "out",
              "path": "/nix/store/an0a5rm99xsaj4pqfnlwsnc288rb4chm-jq-1.8.1"
            },
            {
              "name": "dev",
              "path": "/nix/store/1l5dl9d9mcpm7i0r5bhb23xczlfd2i0i-jq-1.8.1-dev"
            }
          ],
          "store_path": "/nix/store/4hy1mm43nvmjpnyfsa80csbsg4wd8691-jq-1.8.1-bin"
        },
        "aarch64-linux": {
          "outputs": [
            {
              "name": "bin",
              "path": "/nix/store/3rmzb92a65vp55dmmzmh2qygq5wkdmb8-jq-1.8.1-bin",
              "default": true
            },
            {
              "name": "man",
              "path": "/nix/store/44gwjhi00hwkpy0csxjnm1h5zcsbvymw-jq-1.8.1-man",
              "default": true
            },
            {
              "name": "dev",
              "path": "/nix/store/xqy22d0ny10bcsczlgg02ni5lgp5zjc8-jq-1.8.1-dev"
            },
            {
              "name": "doc",
              "path": "/nix/store/36zp3bh3q76jq8pix9g9j54v36ddz20n-jq-1.8.1-doc"
            },
            {
              "name": "out",
              "path": "/nix/store/h7qs29xm3i5zq058g0r0a0f8qzwfwpfv-jq-1.8.1"
            }
          ],
          "store_path": "/nix/store/3rmzb92a65vp55dmmzmh2qygq5wkdmb8-jq-1.8.1-bin"
        },
        "x86_64-darwin": {
          "outputs": [
            {
              "name": "bin",
              "path": "/nix/store/0kz2h1wisnvpmavfra6n8fi0x2brhfg6-jq-1.8.1-bin",
              "default": true
            },
            {
              "name": "man",
              "path": "/nix/store/8xvsm6pzpya6jc3vfmxagxj46iz9hix9-jq-1.8.1-man",
              "default": true
            },
            {
              "name": "out",
              "path": "/nix/store/30wa9jl18hjfi5756chyg4kl1164d5wk-jq-1.8.1"
            },
            {
              "name": "dev",
              "path": "/nix/store/w96fml250mbz0p0an0f7p6zfblrpz0pn-jq-1.8.1-dev"
            },
            {
              "name": "doc",
              "path": "/nix/store/k388l1qgp6dcn80njl1by9x5i2jy8i0m-jq-1.8.1-doc"
            }
          ],
          "store_path": "/nix/store/0kz2h1wisnvpmavfra6n8fi0x2brhfg6-jq-1.8.1-bin"
        },
        "x86_64-linux": {
          "outputs": [
            {
              "name": "bin",
              "path": "/nix/store/qvbwz06cqra3cmlra40v0adw75j6j7wm-jq-1.8.1-bin",
              "default": true
            },
            {
              "name": "man",
              "path": "/nix/store/6wpy08grkd8315ad3wsx8dd92cx5n26z-jq-1.8.1-man",
              "default": true
            },
            {
              "name": "dev",
              "path": "/nix/store/jq07r49vk5wa10a1kk2y87nwbbl62qxz-jq-1.8.1-dev"
            },
            {
              "name": "doc",
              "path": "/nix/store/brd1gvvbq8bblpbizmyjhsfwr7nlmvyq-jq-1.8.1-doc"
            },
            {
              "name": "out",
              "path": "/nix/store/gs6yqc24w093xsnnz3kkhls8jz7pnffy-jq-1.8.1"
            }
          ],
          "store_path": "/nix/store/qvbwz06cqra3cmlra40v0adw75j6j7wm-jq-1.8.1-bin"
        }
      }
    },
    "lazygit@latest": {
      "last_modified": "2025-12-09T08:49:39Z",
      "resolved": "github:NixOS/nixpkgs/677fbe97984e7af3175b6c121f3c39ee5c8d62c9#lazygit",
      "source": "devbox-search",
      "version": "0.57.0",
      "systems": {
        "aarch64-darwin": {
          "outputs": [
            {
              "name": "out",
              "path": "/nix/store/5ksh90isk6lygyq2s1bz6s8798p2asc5-lazygit-0.57.0",
              "default": true
            }
          ],
          "store_path": "/nix/store/5ksh90isk6lygyq2s1bz6s8798p2asc5-lazygit-0.57.0"
        },
        "aarch64-linux": {
          "outputs": [
            {
              "name": "out",
              "path": "/nix/store/5ay3ws17k9kqkpjhf6pb2jhq1q389pkj-lazygit-0.57.0",
              "default": true
            }
          ],
          "store_path": "/nix/store/5ay3ws17k9kqkpjhf6pb2jhq1q389pkj-lazygit-0.57.0"
        },
        "x86_64-darwin": {
          "outputs": [
            {
              "name": "out",
              "path": "/nix/store/n0dpf3a5nkpzc1bkfqjby7rsdsfsvbj6-lazygit-0.57.0",
              "default": true
            }
          ],
          "store_path": "/nix/store/n0dpf3a5nkpzc1bkfqjby7rsdsfsvbj6-lazygit-0.57.0"
        },
        "x86_64-linux": {
          "outputs": [
            {
              "name": "out",
              "path": "/nix/store/9qy1h77adsm22sjajb9219s7ihx8swja-lazygit-0.57.0",
              "default": true
            }
          ],
          "store_path": "/nix/store/9qy1h77adsm22sjajb9219s7ihx8swja-lazygit-0.57.0"
        }
      }
    },
    "neovim@latest": {
      "last_modified": "2025-11-23T21:50:36Z",
      "resolved": "github:NixOS/nixpkgs/ee09932cedcef15aaf476f9343d1dea2cb77e261#neovim",
      "source": "devbox-search",
      "version": "0.11.5",
      "systems": {
        "aarch64-darwin": {
          "outputs": [
            {
              "name": "out",
              "path": "/nix/store/rpm9l8ji9a9pb2q5kjwi7r2dbbm3hl1p-neovim-0.11.5",
              "default": true
            }
          ],
          "store_path": "/nix/store/rpm9l8ji9a9pb2q5kjwi7r2dbbm3hl1p-neovim-0.11.5"
        },
        "aarch64-linux": {
          "outputs": [
            {
              "name": "out",
              "path": "/nix/store/yf3bicn8bpzrbsyy8i55zvls4vz4c1jn-neovim-0.11.5",
              "default": true
            }
          ],
          "store_path": "/nix/store/yf3bicn8bpzrbsyy8i55zvls4vz4c1jn-neovim-0.11.5"
        },
        "x86_64-darwin": {
          "outputs": [
            {
              "name": "out",
              "path": "/nix/store/iig56f4sypl6gl7wbv7fy5nxl5vx879c-neovim-0.11.5",
              "default": true
            }
          ],
          "store_path": "/nix/store/iig56f4sypl6gl7wbv7fy5nxl5vx879c-neovim-0.11.5"
        },
        "x86_64-linux": {
          "outputs": [
            {
              "name": "out",
              "path": "/nix/store/fbjyiz6lv3w54nzls39g2j88dvq82ixx-neovim-0.11.5",
              "default": true
            }
          ],
          "store_path": "/nix/store/fbjyiz6lv3w54nzls39g2j88dvq82ixx-neovim-0.11.5"
        }
      }
    },
    "ripgrep@latest": {
      "last_modified": "2025-11-23T21:50:36Z",
      "resolved": "github:NixOS/nixpkgs/ee09932cedcef15aaf476f9343d1dea2cb77e261#ripgrep",
      "source": "devbox-search",
      "version": "15.1.0",
      "systems": {
        "aarch64-darwin": {
          "outputs": [
            {
              "name": "out",
              "path": "/nix/store/mhv88knw2x5qdnzl7p06wxa9bxrkgghv-ripgrep-15.1.0",
              "default": true
            }
          ],
          "store_path": "/nix/store/mhv88knw2x5qdnzl7p06wxa9bxrkgghv-ripgrep-15.1.0"
        },
        "aarch64-linux": {
          "outputs": [
            {
              "name": "out",
              "path": "/nix/store/qz4k80cgcrz0qhac0jnb19nsjgy21ind-ripgrep-15.1.0",
              "default": true
            }
          ],
          "store_path": "/nix/store/qz4k80cgcrz0qhac0jnb19nsjgy21ind-ripgrep-15.1.0"
        },
        "x86_64-darwin": {
          "outputs": [
            {
              "name": "out",
              "path": "/nix/store/78yl72h892mdxdplmnii400xm5v9ypx4-ripgrep-15.1.0",
              "default": true
            }
          ],
          "store_path": "/nix/store/78yl72h892mdxdplmnii400xm5v9ypx4-ripgrep-15.1.0"
        },
        "x86_64-linux": {
          "outputs": [
            {
              "name": "out",
              "path": "/nix/store/2fngznir58zqpvg2wl7iy5amlsbzhf9p-ripgrep-15.1.0",
              "default": true
            }
          ],
          "store_path": "/nix/store/2fngznir58zqpvg2wl7iy5amlsbzhf9p-ripgrep-15.1.0"
        }
      }
    },
    "starship@latest": {
      "last_modified": "2025-11-23T21:50:36Z",
      "resolved": "github:NixOS/nixpkgs/ee09932cedcef15aaf476f9343d1dea2cb77e261#starship",
      "source": "devbox-search",
      "version": "1.24.1",
      "systems": {
        "aarch64-darwin": {
          "outputs": [
            {
              "name": "out",
              "path": "/nix/store/gv1kzwpcbg9ng3d4p2gnv9sia8ldsp0n-starship-1.24.1",
              "default": true
            }
          ],
          "store_path": "/nix/store/gv1kzwpcbg9ng3d4p2gnv9sia8ldsp0n-starship-1.24.1"
        },
        "aarch64-linux": {
          "outputs": [
            {
              "name": "out",
              "path": "/nix/store/wznii882grrxsrzbppyh9cqhjm4lk2s2-starship-1.24.1",
              "default": true
            }
          ],
          "store_path": "/nix/store/wznii882grrxsrzbppyh9cqhjm4lk2s2-starship-1.24.1"
        },
        "x86_64-darwin": {
          "outputs": [
            {
              "name": "out",
              "path": "/nix/store/izrr7p03g0lj8lxrjyp6j22s7sbsgw3i-starship-1.24.1",
              "default": true
            }
          ],
          "store_path": "/nix/store/izrr7p03g0lj8lxrjyp6j22s7sbsgw3i-starship-1.24.1"
        },
        "x86_64-linux": {
          "outputs": [
            {
              "name": "out",
              "path": "/nix/store/lfw8yb2nhj04fcfb7lc5zl6mh6m6n5l1-starship-1.24.1",
              "default": true
            }
          ],
          "store_path": "/nix/store/lfw8yb2nhj04fcfb7lc5zl6mh6m6n5l1-starship-1.24.1"
        }
      }
    },
    "tmux@latest": {
      "last_modified": "2025-11-26T14:39:26Z",
      "resolved": "github:NixOS/nixpkgs/5c46f3bd98147c8d82366df95bbef2cab3a967ea#tmux",
      "source": "devbox-search",
      "version": "3.6",
      "systems": {
        "aarch64-darwin": {
          "outputs": [
            {
              "name": "out",
              "path": "/nix/store/8cc44893xix9xknp1phzi5jg8g0pghii-tmux-3.6",
              "default": true
            },
            {
              "name": "man",
              "path": "/nix/store/08iih7zrw7yybahxla1f3vf1qhygiwzb-tmux-3.6-man",
              "default": true
            }
          ],
          "store_path": "/nix/store/8cc44893xix9xknp1phzi5jg8g0pghii-tmux-3.6"
        },
        "aarch64-linux": {
          "outputs": [
            {
              "name": "out",
              "path": "/nix/store/nipnplpp8s2kxrym46ziwm286ac9smxk-tmux-3.6",
              "default": true
            },
            {
              "name": "man",
              "path": "/nix/store/h0mw9jvd11ykb63rxvjwg03yxpmwcrsk-tmux-3.6-man",
              "default": true
            }
          ],
          "store_path": "/nix/store/nipnplpp8s2kxrym46ziwm286ac9smxk-tmux-3.6"
        },
        "x86_64-darwin": {
          "outputs": [
            {
              "name": "out",
              "path": "/nix/store/r9as91zw6j6ly5wy67w7ksy56y4fa6m0-tmux-3.6",
              "default": true
            },
            {
              "name": "man",
              "path": "/nix/store/x91dqpy96jnjv7prrg1x65lzhlp8h7px-tmux-3.6-man",
              "default": true
            }
          ],
          "store_path": "/nix/store/r9as91zw6j6ly5wy67w7ksy56y4fa6m0-tmux-3.6"
        },
        "x86_64-linux": {
          "outputs": [
            {
              "name": "out",
              "path": "/nix/store/aaryy6aga27r973s97ckbmalbc1ha4hl-tmux-3.6",
              "default": true
            },
            {
              "name": "man",
              "path": "/nix/store/vkz0jwnx7cg2gc48w3nijs1d3sydz9l5-tmux-3.6-man",
              "default": true
            }
          ],
          "store_path": "/nix/store/aaryy6aga27r973s97ckbmalbc1ha4hl-tmux-3.6"
        }
      }
    },
    "zoxide@latest": {
      "last_modified": "2025-11-23T21:50:36Z",
      "resolved": "github:NixOS/nixpkgs/ee09932cedcef15aaf476f9343d1dea2cb77e261#zoxide",
      "source": "devbox-search",
      "version": "0.9.8",
      "systems": {
        "aarch64-darwin": {
          "outputs": [
            {
              "name": "out",
              "path": "/nix/store/capwkgfw0hvpsqmflz49rp31z9spay0b-zoxide-0.9.8",
              "default": true
            }
          ],
          "store_path": "/nix/store/capwkgfw0hvpsqmflz49rp31z9spay0b-zoxide-0.9.8"
        },
        "aarch64-linux": {
          "outputs": [
            {
              "name": "out",
              "path": "/nix/store/wnrk0wz29nn4hfziazn74rbi8n5631c4-zoxide-0.9.8",
              "default": true
            }
          ],
          "store_path": "/nix/store/wnrk0wz29nn4hfziazn74rbi8n5631c4-zoxide-0.9.8"
        },
        "x86_64-darwin": {
          "outputs": [
            {
              "name": "out",
              "path": "/nix/store/r9pg7d6qm26b6s815kmwfgwc6dr57wdh-zoxide-0.9.8",
              "default": true
            }
          ],
          "store_path": "/nix/store/r9pg7d6qm26b6s815kmwfgwc6dr57wdh-zoxide-0.9.8"
        },
        "x86_64-linux": {
          "outputs": [
            {
              "name": "out",
              "path": "/nix/store/5g10iizw7yacs5kr8s7l3v6hirjw9i15-zoxide-0.9.8",
              "default": true
            }
          ],
          "store_path": "/nix/store/5g10iizw7yacs5kr8s7l3v6hirjw9i15-zoxide-0.9.8"
        }
      }
    },
    "zsh-autosuggestions@latest": {
      "last_modified": "2025-11-23T21:50:36Z",
      "resolved": "github:NixOS/nixpkgs/ee09932cedcef15aaf476f9343d1dea2cb77e261#zsh-autosuggestions",
      "source": "devbox-search",
      "version": "0.7.1",
      "systems": {
        "aarch64-darwin": {
          "outputs": [
            {
              "name": "out",
              "path": "/nix/store/vpj56papzhvsmy6q0r0vw6vlh1rjz7zr-zsh-autosuggestions-0.7.1",
              "default": true
            }
          ],
          "store_path": "/nix/store/vpj56papzhvsmy6q0r0vw6vlh1rjz7zr-zsh-autosuggestions-0.7.1"
        },
        "aarch64-linux": {
          "outputs": [
            {
              "name": "out",
              "path": "/nix/store/gdvkxg6nirhbw16pm81nmjffnd8a930d-zsh-autosuggestions-0.7.1",
              "default": true
            }
          ],
          "store_path": "/nix/store/gdvkxg6nirhbw16pm81nmjffnd8a930d-zsh-autosuggestions-0.7.1"
        },
        "x86_64-darwin": {
          "outputs": [
            {
              "name": "out",
              "path": "/nix/store/lijglazjyrigrzx31rxm3wi469jay6ra-zsh-autosuggestions-0.7.1",
              "default": true
            }
          ],
          "store_path": "/nix/store/lijglazjyrigrzx31rxm3wi469jay6ra-zsh-autosuggestions-0.7.1"
        },
        "x86_64-linux": {
          "outputs": [
            {
              "name": "out",
              "path": "/nix/store/9vjgzqbj1i9qqznrqvh4g6k5kvd89y4v-zsh-autosuggestions-0.7.1",
              "default": true
            }
          ],
          "store_path": "/nix/store/9vjgzqbj1i9qqznrqvh4g6k5kvd89y4v-zsh-autosuggestions-0.7.1"
        }
      }
    }
  }
}
